// !$*UTF8*$!
{
	archiveVersion = 1;
	classes = {
	};
	objectVersion = 50;
	objects = {

/* Begin PBXBuildFile section */
		083F4C2C277A653E002AF82A /* DetailTableViewCell.swift in Sources */ = {isa = PBXBuildFile; fileRef = 083F4C2B277A653E002AF82A /* DetailTableViewCell.swift */; };
		0866BCDC280F470200056A4D /* LaunchScreen.storyboard in Resources */ = {isa = PBXBuildFile; fileRef = 0866BCDA280F470200056A4D /* LaunchScreen.storyboard */; };
		08785E002776444C00867870 /* HabitsCell.swift in Sources */ = {isa = PBXBuildFile; fileRef = 08785DFF2776444C00867870 /* HabitsCell.swift */; };
		08785E022776445E00867870 /* ProgressCell.swift in Sources */ = {isa = PBXBuildFile; fileRef = 08785E012776445E00867870 /* ProgressCell.swift */; };
		088DEC61271476440028C353 /* HabitsStore.swift in Sources */ = {isa = PBXBuildFile; fileRef = 088DEC60271476440028C353 /* HabitsStore.swift */; };
		08EC8868270EC2D8009E8003 /* AppDelegate.swift in Sources */ = {isa = PBXBuildFile; fileRef = 08EC8867270EC2D8009E8003 /* AppDelegate.swift */; };
		08EC886A270EC2D8009E8003 /* SceneDelegate.swift in Sources */ = {isa = PBXBuildFile; fileRef = 08EC8869270EC2D8009E8003 /* SceneDelegate.swift */; };
		08EC8871270EC2D9009E8003 /* Assets.xcassets in Resources */ = {isa = PBXBuildFile; fileRef = 08EC8870270EC2D9009E8003 /* Assets.xcassets */; };
		08EC887C270EC3E1009E8003 /* HabitsViewController.swift in Sources */ = {isa = PBXBuildFile; fileRef = 08EC887B270EC3E1009E8003 /* HabitsViewController.swift */; };
		08EC887E270EC3FD009E8003 /* InfoViewController.swift in Sources */ = {isa = PBXBuildFile; fileRef = 08EC887D270EC3FD009E8003 /* InfoViewController.swift */; };
		08EC8880270EF4DE009E8003 /* NewHabitViewController.swift in Sources */ = {isa = PBXBuildFile; fileRef = 08EC887F270EF4DE009E8003 /* NewHabitViewController.swift */; };
		08EC8882270EF6B9009E8003 /* EditViewController.swift in Sources */ = {isa = PBXBuildFile; fileRef = 08EC8881270EF6B9009E8003 /* EditViewController.swift */; };
		08F4BF45277521FB005E9611 /* DetailViewController.swift in Sources */ = {isa = PBXBuildFile; fileRef = 08F4BF44277521FB005E9611 /* DetailViewController.swift */; };
/* End PBXBuildFile section */

/* Begin PBXFileReference section */
		083F4C2B277A653E002AF82A /* DetailTableViewCell.swift */ = {isa = PBXFileReference; lastKnownFileType = sourcecode.swift; path = DetailTableViewCell.swift; sourceTree = "<group>"; };
		0866BCDB280F470200056A4D /* Base */ = {isa = PBXFileReference; lastKnownFileType = file.storyboard; name = Base; path = Base.lproj/LaunchScreen.storyboard; sourceTree = "<group>"; };
		08785DFF2776444C00867870 /* HabitsCell.swift */ = {isa = PBXFileReference; lastKnownFileType = sourcecode.swift; path = HabitsCell.swift; sourceTree = "<group>"; };
		08785E012776445E00867870 /* ProgressCell.swift */ = {isa = PBXFileReference; lastKnownFileType = sourcecode.swift; path = ProgressCell.swift; sourceTree = "<group>"; };
		088DEC60271476440028C353 /* HabitsStore.swift */ = {isa = PBXFileReference; lastKnownFileType = sourcecode.swift; path = HabitsStore.swift; sourceTree = "<group>"; };
		08EC8864270EC2D8009E8003 /* MyHabits.app */ = {isa = PBXFileReference; explicitFileType = wrapper.application; includeInIndex = 0; path = MyHabits.app; sourceTree = BUILT_PRODUCTS_DIR; };
		08EC8867270EC2D8009E8003 /* AppDelegate.swift */ = {isa = PBXFileReference; lastKnownFileType = sourcecode.swift; path = AppDelegate.swift; sourceTree = "<group>"; };
		08EC8869270EC2D8009E8003 /* SceneDelegate.swift */ = {isa = PBXFileReference; lastKnownFileType = sourcecode.swift; path = SceneDelegate.swift; sourceTree = "<group>"; };
		08EC8870270EC2D9009E8003 /* Assets.xcassets */ = {isa = PBXFileReference; lastKnownFileType = folder.assetcatalog; path = Assets.xcassets; sourceTree = "<group>"; };
		08EC8875270EC2D9009E8003 /* Info.plist */ = {isa = PBXFileReference; lastKnownFileType = text.plist.xml; path = Info.plist; sourceTree = "<group>"; };
		08EC887B270EC3E1009E8003 /* HabitsViewController.swift */ = {isa = PBXFileReference; lastKnownFileType = sourcecode.swift; path = HabitsViewController.swift; sourceTree = "<group>"; };
		08EC887D270EC3FD009E8003 /* InfoViewController.swift */ = {isa = PBXFileReference; lastKnownFileType = sourcecode.swift; path = InfoViewController.swift; sourceTree = "<group>"; };
		08EC887F270EF4DE009E8003 /* NewHabitViewController.swift */ = {isa = PBXFileReference; lastKnownFileType = sourcecode.swift; path = NewHabitViewController.swift; sourceTree = "<group>"; };
		08EC8881270EF6B9009E8003 /* EditViewController.swift */ = {isa = PBXFileReference; lastKnownFileType = sourcecode.swift; path = EditViewController.swift; sourceTree = "<group>"; };
		08F4BF44277521FB005E9611 /* DetailViewController.swift */ = {isa = PBXFileReference; lastKnownFileType = sourcecode.swift; path = DetailViewController.swift; sourceTree = "<group>"; };
/* End PBXFileReference section */

/* Begin PBXFrameworksBuildPhase section */
		08EC8861270EC2D8009E8003 /* Frameworks */ = {
			isa = PBXFrameworksBuildPhase;
			buildActionMask = 2147483647;
			files = (
			);
			runOnlyForDeploymentPostprocessing = 0;
		};
/* End PBXFrameworksBuildPhase section */

/* Begin PBXGroup section */
		08EC885B270EC2D7009E8003 = {
			isa = PBXGroup;
			children = (
				08EC8866270EC2D8009E8003 /* MyHabits */,
				08EC8865270EC2D8009E8003 /* Products */,
			);
			sourceTree = "<group>";
		};
		08EC8865270EC2D8009E8003 /* Products */ = {
			isa = PBXGroup;
			children = (
				08EC8864270EC2D8009E8003 /* MyHabits.app */,
			);
			name = Products;
			sourceTree = "<group>";
		};
		08EC8866270EC2D8009E8003 /* MyHabits */ = {
			isa = PBXGroup;
			children = (
				08EC8867270EC2D8009E8003 /* AppDelegate.swift */,
				08EC8869270EC2D8009E8003 /* SceneDelegate.swift */,
				08EC887B270EC3E1009E8003 /* HabitsViewController.swift */,
				08F4BF44277521FB005E9611 /* DetailViewController.swift */,
				083F4C2B277A653E002AF82A /* DetailTableViewCell.swift */,
				08EC887D270EC3FD009E8003 /* InfoViewController.swift */,
				08785DFF2776444C00867870 /* HabitsCell.swift */,
				08785E012776445E00867870 /* ProgressCell.swift */,
				088DEC60271476440028C353 /* HabitsStore.swift */,
				0866BCDA280F470200056A4D /* LaunchScreen.storyboard */,
				08EC8870270EC2D9009E8003 /* Assets.xcassets */,
				08EC8875270EC2D9009E8003 /* Info.plist */,
				08EC887F270EF4DE009E8003 /* NewHabitViewController.swift */,
				08EC8881270EF6B9009E8003 /* EditViewController.swift */,
			);
			path = MyHabits;
			sourceTree = "<group>";
		};
/* End PBXGroup section */

/* Begin PBXNativeTarget section */
		08EC8863270EC2D8009E8003 /* MyHabits */ = {
			isa = PBXNativeTarget;
			buildConfigurationList = 08EC8878270EC2D9009E8003 /* Build configuration list for PBXNativeTarget "MyHabits" */;
			buildPhases = (
				08EC8860270EC2D8009E8003 /* Sources */,
				08EC8861270EC2D8009E8003 /* Frameworks */,
				08EC8862270EC2D8009E8003 /* Resources */,
			);
			buildRules = (
			);
			dependencies = (
			);
			name = MyHabits;
			productName = MyHabits;
			productReference = 08EC8864270EC2D8009E8003 /* MyHabits.app */;
			productType = "com.apple.product-type.application";
		};
/* End PBXNativeTarget section */

/* Begin PBXProject section */
		08EC885C270EC2D7009E8003 /* Project object */ = {
			isa = PBXProject;
			attributes = {
				LastSwiftUpdateCheck = 1250;
				LastUpgradeCheck = 1250;
				TargetAttributes = {
					08EC8863270EC2D8009E8003 = {
						CreatedOnToolsVersion = 12.5.1;
					};
				};
			};
			buildConfigurationList = 08EC885F270EC2D7009E8003 /* Build configuration list for PBXProject "MyHabits" */;
			compatibilityVersion = "Xcode 9.3";
			developmentRegion = en;
			hasScannedForEncodings = 0;
			knownRegions = (
				en,
				Base,
			);
			mainGroup = 08EC885B270EC2D7009E8003;
			productRefGroup = 08EC8865270EC2D8009E8003 /* Products */;
			projectDirPath = "";
			projectRoot = "";
			targets = (
				08EC8863270EC2D8009E8003 /* MyHabits */,
			);
		};
/* End PBXProject section */

/* Begin PBXResourcesBuildPhase section */
		08EC8862270EC2D8009E8003 /* Resources */ = {
			isa = PBXResourcesBuildPhase;
			buildActionMask = 2147483647;
			files = (
				08EC8871270EC2D9009E8003 /* Assets.xcassets in Resources */,
				0866BCDC280F470200056A4D /* LaunchScreen.storyboard in Resources */,
			);
			runOnlyForDeploymentPostprocessing = 0;
		};
/* End PBXResourcesBuildPhase section */

/* Begin PBXSourcesBuildPhase section */
		08EC8860270EC2D8009E8003 /* Sources */ = {
			isa = PBXSourcesBuildPhase;
			buildActionMask = 2147483647;
			files = (
				088DEC61271476440028C353 /* HabitsStore.swift in Sources */,
				08EC8868270EC2D8009E8003 /* AppDelegate.swift in Sources */,
				08785E002776444C00867870 /* HabitsCell.swift in Sources */,
				083F4C2C277A653E002AF82A /* DetailTableViewCell.swift in Sources */,
				08EC887C270EC3E1009E8003 /* HabitsViewController.swift in Sources */,
				08EC8882270EF6B9009E8003 /* EditViewController.swift in Sources */,
				08EC887E270EC3FD009E8003 /* InfoViewController.swift in Sources */,
				08F4BF45277521FB005E9611 /* DetailViewController.swift in Sources */,
				08EC886A270EC2D8009E8003 /* SceneDelegate.swift in Sources */,
				08785E022776445E00867870 /* ProgressCell.swift in Sources */,
				08EC8880270EF4DE009E8003 /* NewHabitViewController.swift in Sources */,
			);
			runOnlyForDeploymentPostprocessing = 0;
		};
/* End PBXSourcesBuildPhase section */

/* Begin PBXVariantGroup section */
		0866BCDA280F470200056A4D /* LaunchScreen.storyboard */ = {
			isa = PBXVariantGroup;
			children = (
				0866BCDB280F470200056A4D /* Base */,
			);
			name = LaunchScreen.storyboard;
			sourceTree = "<group>";
		};
/* End PBXVariantGroup section */

/* Begin XCBuildConfiguration section */
		08EC8876270EC2D9009E8003 /* Debug */ = {
			isa = XCBuildConfiguration;
			buildSettings = {
				ALWAYS_SEARCH_USER_PATHS = NO;
				CLANG_ANALYZER_NONNULL = YES;
				CLANG_ANALYZER_NUMBER_OBJECT_CONVERSION = YES_AGGRESSIVE;
				CLANG_CXX_LANGUAGE_STANDARD = "gnu++14";
				CLANG_CXX_LIBRARY = "libc++";
				CLANG_ENABLE_MODULES = YES;
				CLANG_ENABLE_OBJC_ARC = YES;
				CLANG_ENABLE_OBJC_WEAK = YES;
				CLANG_WARN_BLOCK_CAPTURE_AUTORELEASING = YES;
				CLANG_WARN_BOOL_CONVERSION = YES;
				CLANG_WARN_COMMA = YES;
				CLANG_WARN_CONSTANT_CONVERSION = YES;
				CLANG_WARN_DEPRECATED_OBJC_IMPLEMENTATIONS = YES;
				CLANG_WARN_DIRECT_OBJC_ISA_USAGE = YES_ERROR;
				CLANG_WARN_DOCUMENTATION_COMMENTS = YES;
				CLANG_WARN_EMPTY_BODY = YES;
				CLANG_WARN_ENUM_CONVERSION = YES;
				CLANG_WARN_INFINITE_RECURSION = YES;
				CLANG_WARN_INT_CONVERSION = YES;
				CLANG_WARN_NON_LITERAL_NULL_CONVERSION = YES;
				CLANG_WARN_OBJC_IMPLICIT_RETAIN_SELF = YES;
				CLANG_WARN_OBJC_LITERAL_CONVERSION = YES;
				CLANG_WARN_OBJC_ROOT_CLASS = YES_ERROR;
				CLANG_WARN_QUOTED_INCLUDE_IN_FRAMEWORK_HEADER = YES;
				CLANG_WARN_RANGE_LOOP_ANALYSIS = YES;
				CLANG_WARN_STRICT_PROTOTYPES = YES;
				CLANG_WARN_SUSPICIOUS_MOVE = YES;
				CLANG_WARN_UNGUARDED_AVAILABILITY = YES_AGGRESSIVE;
				CLANG_WARN_UNREACHABLE_CODE = YES;
				CLANG_WARN__DUPLICATE_METHOD_MATCH = YES;
				COPY_PHASE_STRIP = NO;
				DEBUG_INFORMATION_FORMAT = dwarf;
				ENABLE_STRICT_OBJC_MSGSEND = YES;
				ENABLE_TESTABILITY = YES;
				GCC_C_LANGUAGE_STANDARD = gnu11;
				GCC_DYNAMIC_NO_PIC = NO;
				GCC_NO_COMMON_BLOCKS = YES;
				GCC_OPTIMIZATION_LEVEL = 0;
				GCC_PREPROCESSOR_DEFINITIONS = (
					"DEBUG=1",
					"$(inherited)",
				);
				GCC_WARN_64_TO_32_BIT_CONVERSION = YES;
				GCC_WARN_ABOUT_RETURN_TYPE = YES_ERROR;
				GCC_WARN_UNDECLARED_SELECTOR = YES;
				GCC_WARN_UNINITIALIZED_AUTOS = YES_AGGRESSIVE;
				GCC_WARN_UNUSED_FUNCTION = YES;
				GCC_WARN_UNUSED_VARIABLE = YES;
				IPHONEOS_DEPLOYMENT_TARGET = 15.2;
				MTL_ENABLE_DEBUG_INFO = INCLUDE_SOURCE;
				MTL_FAST_MATH = YES;
				ONLY_ACTIVE_ARCH = YES;
				SDKROOT = iphoneos;
				SWIFT_ACTIVE_COMPILATION_CONDITIONS = DEBUG;
				SWIFT_OPTIMIZATION_LEVEL = "-Onone";
			};
			name = Debug;
		};
		08EC8877270EC2D9009E8003 /* Release */ = {
			isa = XCBuildConfiguration;
			buildSettings = {
				ALWAYS_SEARCH_USER_PATHS = NO;
				CLANG_ANALYZER_NONNULL = YES;
				CLANG_ANALYZER_NUMBER_OBJECT_CONVERSION = YES_AGGRESSIVE;
				CLANG_CXX_LANGUAGE_STANDARD = "gnu++14";
				CLANG_CXX_LIBRARY = "libc++";
				CLANG_ENABLE_MODULES = YES;
				CLANG_ENABLE_OBJC_ARC = YES;
				CLANG_ENABLE_OBJC_WEAK = YES;
				CLANG_WARN_BLOCK_CAPTURE_AUTORELEASING = YES;
				CLANG_WARN_BOOL_CONVERSION = YES;
				CLANG_WARN_COMMA = YES;
				CLANG_WARN_CONSTANT_CONVERSION = YES;
				CLANG_WARN_DEPRECATED_OBJC_IMPLEMENTATIONS = YES;
				CLANG_WARN_DIRECT_OBJC_ISA_USAGE = YES_ERROR;
				CLANG_WARN_DOCUMENTATION_COMMENTS = YES;
				CLANG_WARN_EMPTY_BODY = YES;
				CLANG_WARN_ENUM_CONVERSION = YES;
				CLANG_WARN_INFINITE_RECURSION = YES;
				CLANG_WARN_INT_CONVERSION = YES;
				CLANG_WARN_NON_LITERAL_NULL_CONVERSION = YES;
				CLANG_WARN_OBJC_IMPLICIT_RETAIN_SELF = YES;
				CLANG_WARN_OBJC_LITERAL_CONVERSION = YES;
				CLANG_WARN_OBJC_ROOT_CLASS = YES_ERROR;
				CLANG_WARN_QUOTED_INCLUDE_IN_FRAMEWORK_HEADER = YES;
				CLANG_WARN_RANGE_LOOP_ANALYSIS = YES;
				CLANG_WARN_STRICT_PROTOTYPES = YES;
				CLANG_WARN_SUSPICIOUS_MOVE = YES;
				CLANG_WARN_UNGUARDED_AVAILABILITY = YES_AGGRESSIVE;
				CLANG_WARN_UNREACHABLE_CODE = YES;
				CLANG_WARN__DUPLICATE_METHOD_MATCH = YES;
				COPY_PHASE_STRIP = NO;
				DEBUG_INFORMATION_FORMAT = "dwarf-with-dsym";
				ENABLE_NS_ASSERTIONS = NO;
				ENABLE_STRICT_OBJC_MSGSEND = YES;
				GCC_C_LANGUAGE_STANDARD = gnu11;
				GCC_NO_COMMON_BLOCKS = YES;
				GCC_WARN_64_TO_32_BIT_CONVERSION = YES;
				GCC_WARN_ABOUT_RETURN_TYPE = YES_ERROR;
				GCC_WARN_UNDECLARED_SELECTOR = YES;
				GCC_WARN_UNINITIALIZED_AUTOS = YES_AGGRESSIVE;
				GCC_WARN_UNUSED_FUNCTION = YES;
				GCC_WARN_UNUSED_VARIABLE = YES;
				IPHONEOS_DEPLOYMENT_TARGET = 15.2;
				MTL_ENABLE_DEBUG_INFO = NO;
				MTL_FAST_MATH = YES;
				SDKROOT = iphoneos;
				SWIFT_COMPILATION_MODE = wholemodule;
				SWIFT_OPTIMIZATION_LEVEL = "-O";
				VALIDATE_PRODUCT = YES;
			};
			name = Release;
		};
		08EC8879270EC2D9009E8003 /* Debug */ = {
			isa = XCBuildConfiguration;
			buildSettings = {
				ASSETCATALOG_COMPILER_APPICON_NAME = AppIcon;
				ASSETCATALOG_COMPILER_GLOBAL_ACCENT_COLOR_NAME = AccentColor;
				CODE_SIGN_STYLE = Automatic;
				DEVELOPMENT_TEAM = 93UF924358;
				INFOPLIST_FILE = MyHabits/Info.plist;
				IPHONEOS_DEPLOYMENT_TARGET = 15.2;
				LD_RUNPATH_SEARCH_PATHS = (
					"$(inherited)",
					"@executable_path/Frameworks",
				);
				PRODUCT_BUNDLE_IDENTIFIER = add.MyHabits;
				PRODUCT_NAME = "$(TARGET_NAME)";
				SWIFT_VERSION = 5.0;
				TARGETED_DEVICE_FAMILY = "1,2";
			};
			name = Debug;
		};
		08EC887A270EC2D9009E8003 /* Release */ = {
			isa = XCBuildConfiguration;
			buildSettings = {
				ASSETCATALOG_COMPILER_APPICON_NAME = AppIcon;
				ASSETCATALOG_COMPILER_GLOBAL_ACCENT_COLOR_NAME = AccentColor;
				CODE_SIGN_STYLE = Automatic;
				DEVELOPMENT_TEAM = 93UF924358;
				INFOPLIST_FILE = MyHabits/Info.plist;
				IPHONEOS_DEPLOYMENT_TARGET = 15.2;
				LD_RUNPATH_SEARCH_PATHS = (
					"$(inherited)",
					"@executable_path/Frameworks",
				);
				PRODUCT_BUNDLE_IDENTIFIER = add.MyHabits;
				PRODUCT_NAME = "$(TARGET_NAME)";
				SWIFT_VERSION = 5.0;
				TARGETED_DEVICE_FAMILY = "1,2";
			};
			name = Release;
		};
/* End XCBuildConfiguration section */

/* Begin XCConfigurationList section */
		08EC885F270EC2D7009E8003 /* Build configuration list for PBXProject "MyHabits" */ = {
			isa = XCConfigurationList;
			buildConfigurations = (
				08EC8876270EC2D9009E8003 /* Debug */,
				08EC8877270EC2D9009E8003 /* Release */,
			);
			defaultConfigurationIsVisible = 0;
			defaultConfigurationName = Release;
		};
		08EC8878270EC2D9009E8003 /* Build configuration list for PBXNativeTarget "MyHabits" */ = {
			isa = XCConfigurationList;
			buildConfigurations = (
				08EC8879270EC2D9009E8003 /* Debug */,
				08EC887A270EC2D9009E8003 /* Release */,
			);
			defaultConfigurationIsVisible = 0;
			defaultConfigurationName = Release;
		};
/* End XCConfigurationList section */
	};
	rootObject = 08EC885C270EC2D7009E8003 /* Project object */;
}
